
Microsoft Visual Studio Solution File, Format Version 12.00
# Visual Studio Version 16
VisualStudioVersion = 16.0.31410.357
MinimumVisualStudioVersion = 10.0.40219.1
Project("{9A19103F-16F7-4668-BE54-9A1E7A4F7556}") = "MsiReader", "MsiReader\MsiReader.csproj", "{1B65FFE2-6E52-4127-B1F5-66E0CA637086}"
EndProject
Project("{9A19103F-16F7-4668-BE54-9A1E7A4F7556}") = "MsiReaderForm", "MsiReaderForm\MsiReaderForm.csproj", "{8DF7AE03-7064-4A00-BC4D-7D04FADFD6F0}"
EndProject
Project("{9A19103F-16F7-4668-BE54-9A1E7A4F7556}") = "UnitTestsMsiReader", "UnitTestsMsiReader\UnitTestsMsiReader.csproj", "{4A93FC40-A0D1-444F-B0BB-C6E8665ED836}"
EndProject
Global
	GlobalSection(SolutionConfigurationPlatforms) = preSolution
		Debug|Any CPU = Debug|Any CPU
		Release|Any CPU = Release|Any CPU
	EndGlobalSection
	GlobalSection(ProjectConfigurationPlatforms) = postSolution
		{1B65FFE2-6E52-4127-B1F5-66E0CA637086}.Debug|Any CPU.ActiveCfg = Debug|Any CPU
		{1B65FFE2-6E52-4127-B1F5-66E0CA637086}.Debug|Any CPU.Build.0 = Debug|Any CPU
		{1B65FFE2-6E52-4127-B1F5-66E0CA637086}.Release|Any CPU.ActiveCfg = Release|Any CPU
		{1B65FFE2-6E52-4127-B1F5-66E0CA637086}.Release|Any CPU.Build.0 = Release|Any CPU
		{8DF7AE03-7064-4A00-BC4D-7D04FADFD6F0}.Debug|Any CPU.ActiveCfg = Debug|Any CPU
		{8DF7AE03-7064-4A00-BC4D-7D04FADFD6F0}.Debug|Any CPU.Build.0 = Debug|Any CPU
		{8DF7AE03-7064-4A00-BC4D-7D04FADFD6F0}.Release|Any CPU.ActiveCfg = Release|Any CPU
		{8DF7AE03-7064-4A00-BC4D-7D04FADFD6F0}.Release|Any CPU.Build.0 = Release|Any CPU
		{4A93FC40-A0D1-444F-B0BB-C6E8665ED836}.Debug|Any CPU.ActiveCfg = Debug|Any CPU
		{4A93FC40-A0D1-444F-B0BB-C6E8665ED836}.Debug|Any CPU.Build.0 = Debug|Any CPU
		{4A93FC40-A0D1-444F-B0BB-C6E8665ED836}.Release|Any CPU.ActiveCfg = Release|Any CPU
		{4A93FC40-A0D1-444F-B0BB-C6E8665ED836}.Release|Any CPU.Build.0 = Release|Any CPU
	EndGlobalSection
	GlobalSection(SolutionProperties) = preSolution
		HideSolutionNode = FALSE
	EndGlobalSection
	GlobalSection(ExtensibilityGlobals) = postSolution
		SolutionGuid = {76160A96-2CB3-4410-82FC-AEA12C060C79}
	EndGlobalSection
EndGlobal
